
Microsoft Visual Studio Solution File, Format Version 12.00
# Visual Studio Version 16
VisualStudioVersion = 16.0.32106.194
MinimumVisualStudioVersion = 10.0.40219.1
Project("{FAE04EC0-301F-11D3-BF4B-00C04F79EFBC}") = "RabbitMQFanoutPublisher", "RabbitMQFanoutPublisher\RabbitMQFanoutPublisher.csproj", "{E2DF5097-21A1-41CE-B283-A9031870E6FC}"
EndProject
Project("{FAE04EC0-301F-11D3-BF4B-00C04F79EFBC}") = "FanoutConsumer", "FanoutConsumer\FanoutConsumer.csproj", "{975B3875-003C-42A2-8CA9-0C26EAD98D5E}"
EndProject
Global
	GlobalSection(SolutionConfigurationPlatforms) = preSolution
		Debug|Any CPU = Debug|Any CPU
		Release|Any CPU = Release|Any CPU
	EndGlobalSection
	GlobalSection(ProjectConfigurationPlatforms) = postSolution
		{E2DF5097-21A1-41CE-B283-A9031870E6FC}.Debug|Any CPU.ActiveCfg = Debug|Any CPU
		{E2DF5097-21A1-41CE-B283-A9031870E6FC}.Debug|Any CPU.Build.0 = Debug|Any CPU
		{E2DF5097-21A1-41CE-B283-A9031870E6FC}.Release|Any CPU.ActiveCfg = Release|Any CPU
		{E2DF5097-21A1-41CE-B283-A9031870E6FC}.Release|Any CPU.Build.0 = Release|Any CPU
		{975B3875-003C-42A2-8CA9-0C26EAD98D5E}.Debug|Any CPU.ActiveCfg = Debug|Any CPU
		{975B3875-003C-42A2-8CA9-0C26EAD98D5E}.Debug|Any CPU.Build.0 = Debug|Any CPU
		{975B3875-003C-42A2-8CA9-0C26EAD98D5E}.Release|Any CPU.ActiveCfg = Release|Any CPU
		{975B3875-003C-42A2-8CA9-0C26EAD98D5E}.Release|Any CPU.Build.0 = Release|Any CPU
	EndGlobalSection
	GlobalSection(SolutionProperties) = preSolution
		HideSolutionNode = FALSE
	EndGlobalSection
	GlobalSection(ExtensibilityGlobals) = postSolution
		SolutionGuid = {BC1F5B01-7001-465F-82DB-CD51CA299F44}
	EndGlobalSection
EndGlobal
