
Microsoft Visual Studio Solution File, Format Version 12.00
# Visual Studio Version 16
VisualStudioVersion = 16.0.32106.194
MinimumVisualStudioVersion = 10.0.40219.1
Project("{9A19103F-16F7-4668-BE54-9A1E7A4F7556}") = "FanoutConsumer", "FanoutConsumer\FanoutConsumer.csproj", "{975B3875-003C-42A2-8CA9-0C26EAD98D5E}"
EndProject
Project("{FAE04EC0-301F-11D3-BF4B-00C04F79EFBC}") = "DirectPublisher", "DirectPublisher\DirectPublisher.csproj", "{BCBF7CB1-CB2C-43AE-BD71-59F01139ADD9}"
EndProject
Project("{9A19103F-16F7-4668-BE54-9A1E7A4F7556}") = "FanoutPublisher", "FanoutPublisher\FanoutPublisher.csproj", "{96EC4C7E-3777-447A-BCCD-45437BB6E0A0}"
EndProject
Global
	GlobalSection(SolutionConfigurationPlatforms) = preSolution
		Debug|Any CPU = Debug|Any CPU
		Release|Any CPU = Release|Any CPU
	EndGlobalSection
	GlobalSection(ProjectConfigurationPlatforms) = postSolution
		{975B3875-003C-42A2-8CA9-0C26EAD98D5E}.Debug|Any CPU.ActiveCfg = Debug|Any CPU
		{975B3875-003C-42A2-8CA9-0C26EAD98D5E}.Debug|Any CPU.Build.0 = Debug|Any CPU
		{975B3875-003C-42A2-8CA9-0C26EAD98D5E}.Release|Any CPU.ActiveCfg = Release|Any CPU
		{975B3875-003C-42A2-8CA9-0C26EAD98D5E}.Release|Any CPU.Build.0 = Release|Any CPU
		{BCBF7CB1-CB2C-43AE-BD71-59F01139ADD9}.Debug|Any CPU.ActiveCfg = Debug|Any CPU
		{BCBF7CB1-CB2C-43AE-BD71-59F01139ADD9}.Debug|Any CPU.Build.0 = Debug|Any CPU
		{BCBF7CB1-CB2C-43AE-BD71-59F01139ADD9}.Release|Any CPU.ActiveCfg = Release|Any CPU
		{BCBF7CB1-CB2C-43AE-BD71-59F01139ADD9}.Release|Any CPU.Build.0 = Release|Any CPU
		{96EC4C7E-3777-447A-BCCD-45437BB6E0A0}.Debug|Any CPU.ActiveCfg = Debug|Any CPU
		{96EC4C7E-3777-447A-BCCD-45437BB6E0A0}.Debug|Any CPU.Build.0 = Debug|Any CPU
		{96EC4C7E-3777-447A-BCCD-45437BB6E0A0}.Release|Any CPU.ActiveCfg = Release|Any CPU
		{96EC4C7E-3777-447A-BCCD-45437BB6E0A0}.Release|Any CPU.Build.0 = Release|Any CPU
	EndGlobalSection
	GlobalSection(SolutionProperties) = preSolution
		HideSolutionNode = FALSE
	EndGlobalSection
	GlobalSection(ExtensibilityGlobals) = postSolution
		SolutionGuid = {BC1F5B01-7001-465F-82DB-CD51CA299F44}
	EndGlobalSection
EndGlobal
